
Microsoft Visual Studio Solution File, Format Version 12.00
# Visual Studio Version 17
VisualStudioVersion = 17.4.33213.308
MinimumVisualStudioVersion = 10.0.40219.1
Project("{FAE04EC0-301F-11D3-BF4B-00C04F79EFBC}") = "AsyncAwait", "AsyncAwait.csproj", "{4572D126-6D89-42CD-B9C4-CB788831487E}"
EndProject
Global
	GlobalSection(SolutionConfigurationPlatforms) = preSolution
		Debug|Any CPU = Debug|Any CPU
		Release|Any CPU = Release|Any CPU
	EndGlobalSection
	GlobalSection(ProjectConfigurationPlatforms) = postSolution
		{4572D126-6D89-42CD-B9C4-CB788831487E}.Debug|Any CPU.ActiveCfg = Debug|Any CPU
		{4572D126-6D89-42CD-B9C4-CB788831487E}.Debug|Any CPU.Build.0 = Debug|Any CPU
		{4572D126-6D89-42CD-B9C4-CB788831487E}.Release|Any CPU.ActiveCfg = Release|Any CPU
		{4572D126-6D89-42CD-B9C4-CB788831487E}.Release|Any CPU.Build.0 = Release|Any CPU
	EndGlobalSection
	GlobalSection(SolutionProperties) = preSolution
		HideSolutionNode = FALSE
	EndGlobalSection
	GlobalSection(ExtensibilityGlobals) = postSolution
		SolutionGuid = {A144921C-A401-4DFB-87B7-EEA09DEDD51D}
	EndGlobalSection
EndGlobal
